
Microsoft Visual Studio Solution File, Format Version 12.00
# Visual Studio Express 2013 for Web
VisualStudioVersion = 12.0.31101.0
MinimumVisualStudioVersion = 10.0.40219.1
Project("{E24C65DC-7377-472B-9ABA-BC803B73C61A}") = "html5_2dGame_quiz", "http://localhost:4310", "{47BA3C99-AFEC-4E1A-8D44-DC3E7CA8A18D}"
	ProjectSection(WebsiteProperties) = preProject
		UseIISExpress = "true"
		TargetFrameworkMoniker = ".NETFramework,Version%3Dv4.0"
		Debug.AspNetCompiler.VirtualPath = "/localhost_4310"
		Debug.AspNetCompiler.PhysicalPath = "..\html5_2dGame_quiz\"
		Debug.AspNetCompiler.TargetPath = "PrecompiledWeb\localhost_4310\"
		Debug.AspNetCompiler.Updateable = "true"
		Debug.AspNetCompiler.ForceOverwrite = "true"
		Debug.AspNetCompiler.FixedNames = "false"
		Debug.AspNetCompiler.Debug = "True"
		Release.AspNetCompiler.VirtualPath = "/localhost_4310"
		Release.AspNetCompiler.PhysicalPath = "..\html5_2dGame_quiz\"
		Release.AspNetCompiler.TargetPath = "PrecompiledWeb\localhost_4310\"
		Release.AspNetCompiler.Updateable = "true"
		Release.AspNetCompiler.ForceOverwrite = "true"
		Release.AspNetCompiler.FixedNames = "false"
		Release.AspNetCompiler.Debug = "False"
		SlnRelativePath = "..\html5_2dGame_quiz\"
	EndProjectSection
EndProject
Project("{2150E333-8FDC-42A3-9474-1A3956D46DE8}") = "otimono", "otimono", "{97BB1CA1-C7EA-4D87-B6E7-FC82E9943D89}"
	ProjectSection(SolutionItems) = preProject
		index.html = index.html
		phase8.html = phase8.html
	EndProjectSection
EndProject
Project("{2150E333-8FDC-42A3-9474-1A3956D46DE8}") = "css", "css", "{27DACBA1-B9B3-46E1-831C-1F6E7F5E0D40}"
	ProjectSection(SolutionItems) = preProject
		css\standard.css = css\standard.css
	EndProjectSection
EndProject
Project("{2150E333-8FDC-42A3-9474-1A3956D46DE8}") = "js", "js", "{A47DC31F-7DE9-4254-BC15-6843783E2A28}"
	ProjectSection(SolutionItems) = preProject
		js\phase8.js = js\phase8.js
	EndProjectSection
EndProject
Project("{2150E333-8FDC-42A3-9474-1A3956D46DE8}") = "img", "img", "{0442AD87-BD93-4CB4-B742-A30BFDF246F8}"
	ProjectSection(SolutionItems) = preProject
		img\snow.png = img\snow.png
		img\snow_man.png = img\snow_man.png
		img\snowSP.png = img\snowSP.png
	EndProjectSection
EndProject
Project("{2150E333-8FDC-42A3-9474-1A3956D46DE8}") = "sound", "sound", "{8D7FF101-67AB-49B8-8DBD-B56E4A646E77}"
	ProjectSection(SolutionItems) = preProject
		sound\kiiiin1.mp3 = sound\kiiiin1.mp3
	EndProjectSection
EndProject
Global
	GlobalSection(SolutionConfigurationPlatforms) = preSolution
		Debug|Any CPU = Debug|Any CPU
	EndGlobalSection
	GlobalSection(ProjectConfigurationPlatforms) = postSolution
		{47BA3C99-AFEC-4E1A-8D44-DC3E7CA8A18D}.Debug|Any CPU.ActiveCfg = Debug|Any CPU
		{47BA3C99-AFEC-4E1A-8D44-DC3E7CA8A18D}.Debug|Any CPU.Build.0 = Debug|Any CPU
	EndGlobalSection
	GlobalSection(SolutionProperties) = preSolution
		HideSolutionNode = FALSE
	EndGlobalSection
	GlobalSection(NestedProjects) = preSolution
		{27DACBA1-B9B3-46E1-831C-1F6E7F5E0D40} = {97BB1CA1-C7EA-4D87-B6E7-FC82E9943D89}
		{A47DC31F-7DE9-4254-BC15-6843783E2A28} = {97BB1CA1-C7EA-4D87-B6E7-FC82E9943D89}
		{0442AD87-BD93-4CB4-B742-A30BFDF246F8} = {97BB1CA1-C7EA-4D87-B6E7-FC82E9943D89}
		{8D7FF101-67AB-49B8-8DBD-B56E4A646E77} = {97BB1CA1-C7EA-4D87-B6E7-FC82E9943D89}
	EndGlobalSection
EndGlobal
